Microsoft Visual Studio Solution File, Format Version 11.00
# Visual Studio 2008

Project("{0BE9058C-3276-12E6-9566-6E5CAB6BFD61}") = "LoveingLove", "Assembly-CSharp-firstpass-vs.csproj", "{465B9BE8-167F-8B2E-C129-80B2F08D2C86}"
EndProject
Project("{0BE9058C-3276-12E6-9566-6E5CAB6BFD61}") = "LoveingLove", "Assembly-CSharp-vs.csproj", "{A5B7DEAE-DAD4-7C51-DAF2-369B9B692373}"
EndProject
Project("{0BE9058C-3276-12E6-9566-6E5CAB6BFD61}") = "LoveingLove", "Assembly-CSharp-Editor-vs.csproj", "{096602E2-278E-1C1E-B099-FD462A1B104B}"
EndProject
Global
	GlobalSection(SolutionConfigurationPlatforms) = preSolution
		Debug|Any CPU = Debug|Any CPU
		Release|Any CPU = Release|Any CPU
	EndGlobalSection
	GlobalSection(ProjectConfigurationPlatforms) = postSolution
		{465B9BE8-167F-8B2E-C129-80B2F08D2C86}.Debug|Any CPU.ActiveCfg = Debug|Any CPU
		{465B9BE8-167F-8B2E-C129-80B2F08D2C86}.Debug|Any CPU.Build.0 = Debug|Any CPU
		{465B9BE8-167F-8B2E-C129-80B2F08D2C86}.Release|Any CPU.ActiveCfg = Release|Any CPU
		{465B9BE8-167F-8B2E-C129-80B2F08D2C86}.Release|Any CPU.Build.0 = Release|Any CPU
		{A5B7DEAE-DAD4-7C51-DAF2-369B9B692373}.Debug|Any CPU.ActiveCfg = Debug|Any CPU
		{A5B7DEAE-DAD4-7C51-DAF2-369B9B692373}.Debug|Any CPU.Build.0 = Debug|Any CPU
		{A5B7DEAE-DAD4-7C51-DAF2-369B9B692373}.Release|Any CPU.ActiveCfg = Release|Any CPU
		{A5B7DEAE-DAD4-7C51-DAF2-369B9B692373}.Release|Any CPU.Build.0 = Release|Any CPU
		{096602E2-278E-1C1E-B099-FD462A1B104B}.Debug|Any CPU.ActiveCfg = Debug|Any CPU
		{096602E2-278E-1C1E-B099-FD462A1B104B}.Debug|Any CPU.Build.0 = Debug|Any CPU
		{096602E2-278E-1C1E-B099-FD462A1B104B}.Release|Any CPU.ActiveCfg = Release|Any CPU
		{096602E2-278E-1C1E-B099-FD462A1B104B}.Release|Any CPU.Build.0 = Release|Any CPU
	EndGlobalSection
	GlobalSection(SolutionProperties) = preSolution
		HideSolutionNode = FALSE
	EndGlobalSection
									GlobalSection(MonoDevelopProperties) = preSolution
		StartupItem = Assembly-CSharp.csproj
		Policies = $0
		$0.TextStylePolicy = $1
		$1.inheritsSet = null
		$1.scope = text/x-csharp
		$0.CSharpFormattingPolicy = $2
		$2.inheritsSet = Mono
		$2.inheritsScope = text/x-csharp
		$2.scope = text/x-csharp
		$0.TextStylePolicy = $3
		$3.FileWidth = 120
		$3.TabWidth = 4
		$3.IndentWidth = 4
		$3.EolMarker = Unix
		$3.inheritsSet = Mono
		$3.inheritsScope = text/plain
		$3.scope = text/plain
	EndGlobalSection

EndGlobal
